<?xml version="1.0" encoding="utf-8"?>
<Project ToolsVersion="4.0" xmlns="http://schemas.microsoft.com/developer/msbuild/2003">
  <ItemGroup>
    <Filter Include="源文件">
      <UniqueIdentifier>{4FC737F1-C7A5-4376-A066-2A32D752A2FF}</UniqueIdentifier>
      <Extensions>cpp;c;cc;cxx;c++;cppm;ixx;def;odl;idl;hpj;bat;asm;asmx</Extensions>
    </Filter>
    <Filter Include="头文件">
      <UniqueIdentifier>{93995380-89BD-4b04-88EB-625FBE52EBFB}</UniqueIdentifier>
      <Extensions>h;hh;hpp;hxx;h++;hm;inl;inc;ipp;xsd</Extensions>
    </Filter>
    <Filter Include="资源文件">
      <UniqueIdentifier>{67DA6AB6-F800-4c08-8B7A-83BB121AAD01}</UniqueIdentifier>
      <Extensions>rc;ico;cur;bmp;dlg;rc2;rct;bin;rgs;gif;jpg;jpeg;jpe;resx;tiff;tif;png;wav;mfcribbon-ms</Extensions>
    </Filter>
    <Filter Include="rust">
      <UniqueIdentifier>{94f53700-39e4-4e76-8465-d1674ea3abeb}</UniqueIdentifier>
    </Filter>
  </ItemGroup>
  <ItemGroup>
    <ClInclude Include="signal_bindings.h">
      <Filter>源文件</Filter>
    </ClInclude>
    <ClInclude Include="net_proxy.h">
      <Filter>源文件</Filter>
    </ClInclude>
    <ClInclude Include="packet.h">
      <Filter>源文件</Filter>
    </ClInclude>
    <ClInclude Include="service_net.h">
      <Filter>源文件</Filter>
    </ClInclude>
    <ClInclude Include="net_bindings.h">
      <Filter>源文件</Filter>
    </ClInclude>
    <ClInclude Include="rust\common.rs.h">
      <Filter>rust</Filter>
    </ClInclude>
    <ClInclude Include="rust\cxx.h">
      <Filter>rust</Filter>
    </ClInclude>
    <ClInclude Include="..\..\..\commlib-test\target\debug\build\commlib-sys-6f76a1ed24116e51\out\cxxbridge\include\commlib-sys\ffi\common.rs.h">
      <Filter>源文件</Filter>
    </ClInclude>
  </ItemGroup>
  <ItemGroup>
    <ClCompile Include="signal_bindings.cc">
      <Filter>源文件</Filter>
    </ClCompile>
    <ClCompile Include="net_proxy.cc">
      <Filter>源文件</Filter>
    </ClCompile>
    <ClCompile Include="packet.cc">
      <Filter>源文件</Filter>
    </ClCompile>
    <ClCompile Include="service_net.cc">
      <Filter>源文件</Filter>
    </ClCompile>
    <ClCompile Include="net_bindings.cc">
      <Filter>源文件</Filter>
    </ClCompile>
    <ClCompile Include="..\..\..\commlib-test\target\debug\build\commlib-sys-6f76a1ed24116e51\out\cxxbridge\sources\commlib-sys\ffi\net.rs.cc">
      <Filter>源文件</Filter>
    </ClCompile>
    <ClCompile Include="..\..\..\commlib-test\target\debug\build\commlib-sys-6f76a1ed24116e51\out\cxxbridge\sources\commlib-sys\ffi\signal.rs.cc">
      <Filter>源文件</Filter>
    </ClCompile>
    <ClCompile Include="..\..\..\commlib-test\target\debug\build\commlib-sys-6f76a1ed24116e51\out\cxxbridge\sources\commlib-sys\ffi\common.rs.cc">
      <Filter>源文件</Filter>
    </ClCompile>
  </ItemGroup>
</Project>